Microsoft Visual Studio Solution File, Format Version 12.00
# Visual Studio Version 17
VisualStudioVersion = 17.2.32210.308
MinimumVisualStudioVersion = 15.0.26124.0

Project("{2150E333-8FDC-42A3-9474-1A3956D46DE8}") = "Tests", "Tests", "{F87C8782-B4F1-4907-A869-B227EEF1F89B}"
EndProject
Project("{9A19103F-16F7-4668-BE54-9A1E7A4F7556}") = "bellaciao", "bellaciao.csproj", "{1093F49B-BAE1-4844-BF68-99127191142A}"
EndProject
Project("{9A19103F-16F7-4668-BE54-9A1E7A4F7556}") = "bellaciao.Tests", "../bellaciao.Tests/bellaciao.Tests.csproj", "{52EC5CF2-CAD9-4E66-9C80-EF2F5187DA9C}"
EndProject
Project("{9A19103F-16F7-4668-BE54-9A1E7A4F7556}") = "bellaciao.UITests", "../bellaciao.UITests/bellaciao.UITests.csproj", "{C537432E-689B-408F-8FFB-17F5B507E023}"
EndProject

Project("{2150E333-8FDC-42A3-9474-1A3956D46DE8}") = "Solution Items", "Solution Items", "{BADA71DC-7FFD-4EDC-9F28-FB74AEADC713}"
	ProjectSection(SolutionItems) = preProject
		.editorconfig = .editorconfig
		.gitignore = .gitignore
		.vsconfig = .vsconfig
		Directory.Build.props = Directory.Build.props
		Directory.Build.targets = Directory.Build.targets
		Directory.Packages.props = Directory.Packages.props
		global.json = global.json
	EndProjectSection
EndProject
Global
	GlobalSection(ProjectConfigurationPlatforms) = postSolution
		{1093F49B-BAE1-4844-BF68-99127191142A}.Debug|Any CPU.ActiveCfg = Debug|Any CPU
		{1093F49B-BAE1-4844-BF68-99127191142A}.Debug|Any CPU.Build.0 = Debug|Any CPU
		{1093F49B-BAE1-4844-BF68-99127191142A}.Debug|Any CPU.Deploy.0 = Debug|Any CPU
		{1093F49B-BAE1-4844-BF68-99127191142A}.Debug|ARM.ActiveCfg = Debug|Any CPU
		{1093F49B-BAE1-4844-BF68-99127191142A}.Debug|ARM.Build.0 = Debug|Any CPU
		{1093F49B-BAE1-4844-BF68-99127191142A}.Debug|ARM.Deploy.0 = Debug|Any CPU
		{1093F49B-BAE1-4844-BF68-99127191142A}.Debug|ARM64.ActiveCfg = Debug|Any CPU
		{1093F49B-BAE1-4844-BF68-99127191142A}.Debug|ARM64.Build.0 = Debug|Any CPU
		{1093F49B-BAE1-4844-BF68-99127191142A}.Debug|ARM64.Deploy.0 = Debug|Any CPU
		{1093F49B-BAE1-4844-BF68-99127191142A}.Debug|iPhone.ActiveCfg = Debug|Any CPU
		{1093F49B-BAE1-4844-BF68-99127191142A}.Debug|iPhone.Build.0 = Debug|Any CPU
		{1093F49B-BAE1-4844-BF68-99127191142A}.Debug|iPhone.Deploy.0 = Debug|Any CPU
		{1093F49B-BAE1-4844-BF68-99127191142A}.Debug|iPhoneSimulator.ActiveCfg = Debug|Any CPU
		{1093F49B-BAE1-4844-BF68-99127191142A}.Debug|iPhoneSimulator.Build.0 = Debug|Any CPU
		{1093F49B-BAE1-4844-BF68-99127191142A}.Debug|iPhoneSimulator.Deploy.0 = Debug|Any CPU
		{1093F49B-BAE1-4844-BF68-99127191142A}.Debug|x64.ActiveCfg = Debug|Any CPU
		{1093F49B-BAE1-4844-BF68-99127191142A}.Debug|x64.Build.0 = Debug|Any CPU
		{1093F49B-BAE1-4844-BF68-99127191142A}.Debug|x64.Deploy.0 = Debug|Any CPU
		{1093F49B-BAE1-4844-BF68-99127191142A}.Debug|x86.ActiveCfg = Debug|Any CPU
		{1093F49B-BAE1-4844-BF68-99127191142A}.Debug|x86.Build.0 = Debug|Any CPU
		{1093F49B-BAE1-4844-BF68-99127191142A}.Debug|x86.Deploy.0 = Debug|Any CPU
		{1093F49B-BAE1-4844-BF68-99127191142A}.Release|Any CPU.ActiveCfg = Release|Any CPU
		{1093F49B-BAE1-4844-BF68-99127191142A}.Release|Any CPU.Build.0 = Release|Any CPU
		{1093F49B-BAE1-4844-BF68-99127191142A}.Release|Any CPU.Deploy.0 = Release|Any CPU
		{1093F49B-BAE1-4844-BF68-99127191142A}.Release|ARM.ActiveCfg = Release|Any CPU
		{1093F49B-BAE1-4844-BF68-99127191142A}.Release|ARM.Build.0 = Release|Any CPU
		{1093F49B-BAE1-4844-BF68-99127191142A}.Release|ARM.Deploy.0 = Release|Any CPU
		{1093F49B-BAE1-4844-BF68-99127191142A}.Release|ARM64.ActiveCfg = Release|Any CPU
		{1093F49B-BAE1-4844-BF68-99127191142A}.Release|ARM64.Build.0 = Release|Any CPU
		{1093F49B-BAE1-4844-BF68-99127191142A}.Release|ARM64.Deploy.0 = Release|Any CPU
		{1093F49B-BAE1-4844-BF68-99127191142A}.Release|iPhone.ActiveCfg = Release|Any CPU
		{1093F49B-BAE1-4844-BF68-99127191142A}.Release|iPhone.Build.0 = Release|Any CPU
		{1093F49B-BAE1-4844-BF68-99127191142A}.Release|iPhone.Deploy.0 = Release|Any CPU
		{1093F49B-BAE1-4844-BF68-99127191142A}.Release|iPhoneSimulator.ActiveCfg = Release|Any CPU
		{1093F49B-BAE1-4844-BF68-99127191142A}.Release|iPhoneSimulator.Build.0 = Release|Any CPU
		{1093F49B-BAE1-4844-BF68-99127191142A}.Release|iPhoneSimulator.Deploy.0 = Release|Any CPU
		{1093F49B-BAE1-4844-BF68-99127191142A}.Release|x64.ActiveCfg = Release|Any CPU
		{1093F49B-BAE1-4844-BF68-99127191142A}.Release|x64.Build.0 = Release|Any CPU
		{1093F49B-BAE1-4844-BF68-99127191142A}.Release|x64.Deploy.0 = Release|Any CPU
		{1093F49B-BAE1-4844-BF68-99127191142A}.Release|x86.ActiveCfg = Release|Any CPU
		{1093F49B-BAE1-4844-BF68-99127191142A}.Release|x86.Build.0 = Release|Any CPU
		{1093F49B-BAE1-4844-BF68-99127191142A}.Release|x86.Deploy.0 = Release|Any CPU
		{52EC5CF2-CAD9-4E66-9C80-EF2F5187DA9C}.Debug|Any CPU.ActiveCfg = Debug|Any CPU
		{52EC5CF2-CAD9-4E66-9C80-EF2F5187DA9C}.Debug|Any CPU.Build.0 = Debug|Any CPU
		{52EC5CF2-CAD9-4E66-9C80-EF2F5187DA9C}.Debug|ARM.ActiveCfg = Debug|Any CPU
		{52EC5CF2-CAD9-4E66-9C80-EF2F5187DA9C}.Debug|ARM.Build.0 = Debug|Any CPU
		{52EC5CF2-CAD9-4E66-9C80-EF2F5187DA9C}.Debug|ARM64.ActiveCfg = Debug|Any CPU
		{52EC5CF2-CAD9-4E66-9C80-EF2F5187DA9C}.Debug|ARM64.Build.0 = Debug|Any CPU
		{52EC5CF2-CAD9-4E66-9C80-EF2F5187DA9C}.Debug|iPhone.ActiveCfg = Debug|Any CPU
		{52EC5CF2-CAD9-4E66-9C80-EF2F5187DA9C}.Debug|iPhone.Build.0 = Debug|Any CPU
		{52EC5CF2-CAD9-4E66-9C80-EF2F5187DA9C}.Debug|iPhoneSimulator.ActiveCfg = Debug|Any CPU
		{52EC5CF2-CAD9-4E66-9C80-EF2F5187DA9C}.Debug|iPhoneSimulator.Build.0 = Debug|Any CPU
		{52EC5CF2-CAD9-4E66-9C80-EF2F5187DA9C}.Debug|x64.ActiveCfg = Debug|Any CPU
		{52EC5CF2-CAD9-4E66-9C80-EF2F5187DA9C}.Debug|x64.Build.0 = Debug|Any CPU
		{52EC5CF2-CAD9-4E66-9C80-EF2F5187DA9C}.Debug|x86.ActiveCfg = Debug|Any CPU
		{52EC5CF2-CAD9-4E66-9C80-EF2F5187DA9C}.Debug|x86.Build.0 = Debug|Any CPU
		{52EC5CF2-CAD9-4E66-9C80-EF2F5187DA9C}.Release|Any CPU.ActiveCfg = Release|Any CPU
		{52EC5CF2-CAD9-4E66-9C80-EF2F5187DA9C}.Release|Any CPU.Build.0 = Release|Any CPU
		{52EC5CF2-CAD9-4E66-9C80-EF2F5187DA9C}.Release|ARM.ActiveCfg = Release|Any CPU
		{52EC5CF2-CAD9-4E66-9C80-EF2F5187DA9C}.Release|ARM.Build.0 = Release|Any CPU
		{52EC5CF2-CAD9-4E66-9C80-EF2F5187DA9C}.Release|ARM64.ActiveCfg = Release|Any CPU
		{52EC5CF2-CAD9-4E66-9C80-EF2F5187DA9C}.Release|ARM64.Build.0 = Release|Any CPU
		{52EC5CF2-CAD9-4E66-9C80-EF2F5187DA9C}.Release|iPhone.ActiveCfg = Release|Any CPU
		{52EC5CF2-CAD9-4E66-9C80-EF2F5187DA9C}.Release|iPhone.Build.0 = Release|Any CPU
		{52EC5CF2-CAD9-4E66-9C80-EF2F5187DA9C}.Release|iPhoneSimulator.ActiveCfg = Release|Any CPU
		{52EC5CF2-CAD9-4E66-9C80-EF2F5187DA9C}.Release|iPhoneSimulator.Build.0 = Release|Any CPU
		{52EC5CF2-CAD9-4E66-9C80-EF2F5187DA9C}.Release|x64.ActiveCfg = Release|Any CPU
		{52EC5CF2-CAD9-4E66-9C80-EF2F5187DA9C}.Release|x64.Build.0 = Release|Any CPU
		{52EC5CF2-CAD9-4E66-9C80-EF2F5187DA9C}.Release|x86.ActiveCfg = Release|Any CPU
		{52EC5CF2-CAD9-4E66-9C80-EF2F5187DA9C}.Release|x86.Build.0 = Release|Any CPU
		{C537432E-689B-408F-8FFB-17F5B507E023}.Debug|Any CPU.ActiveCfg = Debug|Any CPU
		{C537432E-689B-408F-8FFB-17F5B507E023}.Debug|Any CPU.Build.0 = Debug|Any CPU
		{C537432E-689B-408F-8FFB-17F5B507E023}.Debug|ARM.ActiveCfg = Debug|Any CPU
		{C537432E-689B-408F-8FFB-17F5B507E023}.Debug|ARM.Build.0 = Debug|Any CPU
		{C537432E-689B-408F-8FFB-17F5B507E023}.Debug|ARM64.ActiveCfg = Debug|Any CPU
		{C537432E-689B-408F-8FFB-17F5B507E023}.Debug|ARM64.Build.0 = Debug|Any CPU
		{C537432E-689B-408F-8FFB-17F5B507E023}.Debug|iPhone.ActiveCfg = Debug|Any CPU
		{C537432E-689B-408F-8FFB-17F5B507E023}.Debug|iPhone.Build.0 = Debug|Any CPU
		{C537432E-689B-408F-8FFB-17F5B507E023}.Debug|iPhoneSimulator.ActiveCfg = Debug|Any CPU
		{C537432E-689B-408F-8FFB-17F5B507E023}.Debug|iPhoneSimulator.Build.0 = Debug|Any CPU
		{C537432E-689B-408F-8FFB-17F5B507E023}.Debug|x64.ActiveCfg = Debug|Any CPU
		{C537432E-689B-408F-8FFB-17F5B507E023}.Debug|x64.Build.0 = Debug|Any CPU
		{C537432E-689B-408F-8FFB-17F5B507E023}.Debug|x86.ActiveCfg = Debug|Any CPU
		{C537432E-689B-408F-8FFB-17F5B507E023}.Debug|x86.Build.0 = Debug|Any CPU
		{C537432E-689B-408F-8FFB-17F5B507E023}.Release|Any CPU.ActiveCfg = Release|Any CPU
		{C537432E-689B-408F-8FFB-17F5B507E023}.Release|Any CPU.Build.0 = Release|Any CPU
		{C537432E-689B-408F-8FFB-17F5B507E023}.Release|ARM.ActiveCfg = Release|Any CPU
		{C537432E-689B-408F-8FFB-17F5B507E023}.Release|ARM.Build.0 = Release|Any CPU
		{C537432E-689B-408F-8FFB-17F5B507E023}.Release|ARM64.ActiveCfg = Release|Any CPU
		{C537432E-689B-408F-8FFB-17F5B507E023}.Release|ARM64.Build.0 = Release|Any CPU
		{C537432E-689B-408F-8FFB-17F5B507E023}.Release|iPhone.ActiveCfg = Release|Any CPU
		{C537432E-689B-408F-8FFB-17F5B507E023}.Release|iPhone.Build.0 = Release|Any CPU
		{C537432E-689B-408F-8FFB-17F5B507E023}.Release|iPhoneSimulator.ActiveCfg = Release|Any CPU
		{C537432E-689B-408F-8FFB-17F5B507E023}.Release|iPhoneSimulator.Build.0 = Release|Any CPU
		{C537432E-689B-408F-8FFB-17F5B507E023}.Release|x64.ActiveCfg = Release|Any CPU
		{C537432E-689B-408F-8FFB-17F5B507E023}.Release|x64.Build.0 = Release|Any CPU
		{C537432E-689B-408F-8FFB-17F5B507E023}.Release|x86.ActiveCfg = Release|Any CPU
		{C537432E-689B-408F-8FFB-17F5B507E023}.Release|x86.Build.0 = Release|Any CPU
	EndGlobalSection
	GlobalSection(SolutionProperties) = preSolution
		HideSolutionNode = FALSE
	EndGlobalSection
	GlobalSection(NestedProjects) = preSolution
		{52EC5CF2-CAD9-4E66-9C80-EF2F5187DA9C} = {F87C8782-B4F1-4907-A869-B227EEF1F89B}
		{C537432E-689B-408F-8FFB-17F5B507E023} = {F87C8782-B4F1-4907-A869-B227EEF1F89B}
	EndGlobalSection
	GlobalSection(ExtensibilityGlobals) = postSolution
		SolutionGuid = {619C845D-0181-4C29-A95C-21A1B06A524A}
	EndGlobalSection
EndGlobal